// !$*UTF8*$!
{
	archiveVersion = 1;
	classes = {
	};
	objectVersion = 48;
	objects = {

/* Begin PBXBuildFile section */
		BA3F42951FBCAB1200954623 /* ABCDServiceFoundation.h in Headers */ = {isa = PBXBuildFile; fileRef = BA3F42931FBCAB1200954623 /* ABCDServiceFoundation.h */; settings = {ATTRIBUTES = (Public, ); }; };
		BA3F42991FBCAB3700954623 /* ABCDServiceFoundation.framework in Frameworks */ = {isa = PBXBuildFile; fileRef = BA3F42911FBCAB1200954623 /* ABCDServiceFoundation.framework */; };
		BA3F429A1FBCAB3700954623 /* ABCDServiceFoundation.framework in Embed Frameworks */ = {isa = PBXBuildFile; fileRef = BA3F42911FBCAB1200954623 /* ABCDServiceFoundation.framework */; settings = {ATTRIBUTES = (CodeSignOnCopy, RemoveHeadersOnCopy, ); }; };
		BA3F42A31FBCAB6A00954623 /* ABCDServiceManager.h in Headers */ = {isa = PBXBuildFile; fileRef = BA79071D1FBC67D300C3EC63 /* ABCDServiceManager.h */; settings = {ATTRIBUTES = (Public, ); }; };
		BA3F42A41FBCAB6A00954623 /* ABCDServiceManager.m in Sources */ = {isa = PBXBuildFile; fileRef = BA79071E1FBC67D300C3EC63 /* ABCDServiceManager.m */; };
		BA3F42A51FBCAB6A00954623 /* ABCDService.h in Headers */ = {isa = PBXBuildFile; fileRef = BA7907201FBC680D00C3EC63 /* ABCDService.h */; settings = {ATTRIBUTES = (Public, ); }; };
		BA3F42A61FBCAB6A00954623 /* ABCDService.m in Sources */ = {isa = PBXBuildFile; fileRef = BA7907211FBC680D00C3EC63 /* ABCDService.m */; };
		BA3F42A71FBCAB6A00954623 /* ABCDService+Private.h in Headers */ = {isa = PBXBuildFile; fileRef = BA3F428B1FBCA62400954623 /* ABCDService+Private.h */; };
		BA7907091FBC67AF00C3EC63 /* AppDelegate.m in Sources */ = {isa = PBXBuildFile; fileRef = BA7907081FBC67AF00C3EC63 /* AppDelegate.m */; };
		BA79070C1FBC67AF00C3EC63 /* ViewController.m in Sources */ = {isa = PBXBuildFile; fileRef = BA79070B1FBC67AF00C3EC63 /* ViewController.m */; };
		BA79070F1FBC67AF00C3EC63 /* Main.storyboard in Resources */ = {isa = PBXBuildFile; fileRef = BA79070D1FBC67AF00C3EC63 /* Main.storyboard */; };
		BA7907111FBC67AF00C3EC63 /* Assets.xcassets in Resources */ = {isa = PBXBuildFile; fileRef = BA7907101FBC67AF00C3EC63 /* Assets.xcassets */; };
		BA7907141FBC67AF00C3EC63 /* LaunchScreen.storyboard in Resources */ = {isa = PBXBuildFile; fileRef = BA7907121FBC67AF00C3EC63 /* LaunchScreen.storyboard */; };
		BA7907171FBC67AF00C3EC63 /* main.m in Sources */ = {isa = PBXBuildFile; fileRef = BA7907161FBC67AF00C3EC63 /* main.m */; };
		BAD57D4C1FC1134F00D19DDD /* ThreadedServicesTests.m in Sources */ = {isa = PBXBuildFile; fileRef = BAD57D4B1FC1134F00D19DDD /* ThreadedServicesTests.m */; };
		BAD57D4E1FC1134F00D19DDD /* ABCDServiceFoundation.framework in Frameworks */ = {isa = PBXBuildFile; fileRef = BA3F42911FBCAB1200954623 /* ABCDServiceFoundation.framework */; };
		BAD7DC9D1FBF08100089AF60 /* ABCDThreadedService.h in Headers */ = {isa = PBXBuildFile; fileRef = BAD7DC9B1FBF08100089AF60 /* ABCDThreadedService.h */; settings = {ATTRIBUTES = (Public, ); }; };
		BAD7DC9E1FBF08100089AF60 /* ABCDThreadedService.m in Sources */ = {isa = PBXBuildFile; fileRef = BAD7DC9C1FBF08100089AF60 /* ABCDThreadedService.m */; };
		BAD7DCA01FBF09CF0089AF60 /* ABCDThreadedService+Private.h in Headers */ = {isa = PBXBuildFile; fileRef = BAD7DC9F1FBF08C10089AF60 /* ABCDThreadedService+Private.h */; };
		BAD7DCA41FBF0DE40089AF60 /* ReactiveObjC.framework in Frameworks */ = {isa = PBXBuildFile; fileRef = BAD7DCA21FBF0D6B0089AF60 /* ReactiveObjC.framework */; };
		BAD7DCA51FBF0DE40089AF60 /* ReactiveObjC.framework in Embed Frameworks */ = {isa = PBXBuildFile; fileRef = BAD7DCA21FBF0D6B0089AF60 /* ReactiveObjC.framework */; settings = {ATTRIBUTES = (CodeSignOnCopy, RemoveHeadersOnCopy, ); }; };
		BAD7DCA81FBF0E050089AF60 /* FizzBuzzDetector.m in Sources */ = {isa = PBXBuildFile; fileRef = BAD7DCA71FBF0E040089AF60 /* FizzBuzzDetector.m */; };
		BAD7DCAB1FBF11060089AF60 /* FizzBuzzPrinter.m in Sources */ = {isa = PBXBuildFile; fileRef = BAD7DCAA1FBF11060089AF60 /* FizzBuzzPrinter.m */; };
/* End PBXBuildFile section */

/* Begin PBXContainerItemProxy section */
		BA3F429B1FBCAB3700954623 /* PBXContainerItemProxy */ = {
			isa = PBXContainerItemProxy;
			containerPortal = BA7906FC1FBC67AF00C3EC63 /* Project object */;
			proxyType = 1;
			remoteGlobalIDString = BA3F42901FBCAB1200954623;
			remoteInfo = ABCDService;
		};
		BAD57D4F1FC1134F00D19DDD /* PBXContainerItemProxy */ = {
			isa = PBXContainerItemProxy;
			containerPortal = BA7906FC1FBC67AF00C3EC63 /* Project object */;
			proxyType = 1;
			remoteGlobalIDString = BA3F42901FBCAB1200954623;
			remoteInfo = ABCDServiceFoundation;
		};
/* End PBXContainerItemProxy section */

/* Begin PBXCopyFilesBuildPhase section */
		BA3F429D1FBCAB3700954623 /* Embed Frameworks */ = {
			isa = PBXCopyFilesBuildPhase;
			buildActionMask = 2147483647;
			dstPath = "";
			dstSubfolderSpec = 10;
			files = (
				BA3F429A1FBCAB3700954623 /* ABCDServiceFoundation.framework in Embed Frameworks */,
				BAD7DCA51FBF0DE40089AF60 /* ReactiveObjC.framework in Embed Frameworks */,
			);
			name = "Embed Frameworks";
			runOnlyForDeploymentPostprocessing = 0;
		};
/* End PBXCopyFilesBuildPhase section */

/* Begin PBXFileReference section */
		BA3F428B1FBCA62400954623 /* ABCDService+Private.h */ = {isa = PBXFileReference; lastKnownFileType = sourcecode.c.h; path = "ABCDService+Private.h"; sourceTree = "<group>"; };
		BA3F42911FBCAB1200954623 /* ABCDServiceFoundation.framework */ = {isa = PBXFileReference; explicitFileType = wrapper.framework; includeInIndex = 0; path = ABCDServiceFoundation.framework; sourceTree = BUILT_PRODUCTS_DIR; };
		BA3F42931FBCAB1200954623 /* ABCDServiceFoundation.h */ = {isa = PBXFileReference; lastKnownFileType = sourcecode.c.h; path = ABCDServiceFoundation.h; sourceTree = "<group>"; };
		BA3F42941FBCAB1200954623 /* Info.plist */ = {isa = PBXFileReference; lastKnownFileType = text.plist.xml; path = Info.plist; sourceTree = "<group>"; };
		BA7907041FBC67AF00C3EC63 /* new-arch.app */ = {isa = PBXFileReference; explicitFileType = wrapper.application; includeInIndex = 0; path = "new-arch.app"; sourceTree = BUILT_PRODUCTS_DIR; };
		BA7907071FBC67AF00C3EC63 /* AppDelegate.h */ = {isa = PBXFileReference; lastKnownFileType = sourcecode.c.h; path = AppDelegate.h; sourceTree = "<group>"; };
		BA7907081FBC67AF00C3EC63 /* AppDelegate.m */ = {isa = PBXFileReference; lastKnownFileType = sourcecode.c.objc; path = AppDelegate.m; sourceTree = "<group>"; };
		BA79070A1FBC67AF00C3EC63 /* ViewController.h */ = {isa = PBXFileReference; lastKnownFileType = sourcecode.c.h; path = ViewController.h; sourceTree = "<group>"; };
		BA79070B1FBC67AF00C3EC63 /* ViewController.m */ = {isa = PBXFileReference; lastKnownFileType = sourcecode.c.objc; path = ViewController.m; sourceTree = "<group>"; };
		BA79070E1FBC67AF00C3EC63 /* Base */ = {isa = PBXFileReference; lastKnownFileType = file.storyboard; name = Base; path = Base.lproj/Main.storyboard; sourceTree = "<group>"; };
		BA7907101FBC67AF00C3EC63 /* Assets.xcassets */ = {isa = PBXFileReference; lastKnownFileType = folder.assetcatalog; path = Assets.xcassets; sourceTree = "<group>"; };
		BA7907131FBC67AF00C3EC63 /* Base */ = {isa = PBXFileReference; lastKnownFileType = file.storyboard; name = Base; path = Base.lproj/LaunchScreen.storyboard; sourceTree = "<group>"; };
		BA7907151FBC67AF00C3EC63 /* Info.plist */ = {isa = PBXFileReference; lastKnownFileType = text.plist.xml; path = Info.plist; sourceTree = "<group>"; };
		BA7907161FBC67AF00C3EC63 /* main.m */ = {isa = PBXFileReference; lastKnownFileType = sourcecode.c.objc; path = main.m; sourceTree = "<group>"; };
		BA79071D1FBC67D300C3EC63 /* ABCDServiceManager.h */ = {isa = PBXFileReference; lastKnownFileType = sourcecode.c.h; path = ABCDServiceManager.h; sourceTree = "<group>"; };
		BA79071E1FBC67D300C3EC63 /* ABCDServiceManager.m */ = {isa = PBXFileReference; lastKnownFileType = sourcecode.c.objc; path = ABCDServiceManager.m; sourceTree = "<group>"; };
		BA7907201FBC680D00C3EC63 /* ABCDService.h */ = {isa = PBXFileReference; lastKnownFileType = sourcecode.c.h; path = ABCDService.h; sourceTree = "<group>"; };
		BA7907211FBC680D00C3EC63 /* ABCDService.m */ = {isa = PBXFileReference; lastKnownFileType = sourcecode.c.objc; path = ABCDService.m; sourceTree = "<group>"; };
		BAD57D491FC1134F00D19DDD /* ABCDServiceFoundationTests.xctest */ = {isa = PBXFileReference; explicitFileType = wrapper.cfbundle; includeInIndex = 0; path = ABCDServiceFoundationTests.xctest; sourceTree = BUILT_PRODUCTS_DIR; };
		BAD57D4B1FC1134F00D19DDD /* ThreadedServicesTests.m */ = {isa = PBXFileReference; lastKnownFileType = sourcecode.c.objc; path = ThreadedServicesTests.m; sourceTree = "<group>"; };
		BAD57D4D1FC1134F00D19DDD /* Info.plist */ = {isa = PBXFileReference; lastKnownFileType = text.plist.xml; path = Info.plist; sourceTree = "<group>"; };
		BAD7DC9B1FBF08100089AF60 /* ABCDThreadedService.h */ = {isa = PBXFileReference; lastKnownFileType = sourcecode.c.h; path = ABCDThreadedService.h; sourceTree = "<group>"; };
		BAD7DC9C1FBF08100089AF60 /* ABCDThreadedService.m */ = {isa = PBXFileReference; lastKnownFileType = sourcecode.c.objc; path = ABCDThreadedService.m; sourceTree = "<group>"; };
		BAD7DC9F1FBF08C10089AF60 /* ABCDThreadedService+Private.h */ = {isa = PBXFileReference; lastKnownFileType = sourcecode.c.h; path = "ABCDThreadedService+Private.h"; sourceTree = "<group>"; };
		BAD7DCA21FBF0D6B0089AF60 /* ReactiveObjC.framework */ = {isa = PBXFileReference; lastKnownFileType = wrapper.framework; name = ReactiveObjC.framework; path = Carthage/Build/iOS/ReactiveObjC.framework; sourceTree = SOURCE_ROOT; };
		BAD7DCA61FBF0E040089AF60 /* FizzBuzzDetector.h */ = {isa = PBXFileReference; lastKnownFileType = sourcecode.c.h; path = FizzBuzzDetector.h; sourceTree = "<group>"; };
		BAD7DCA71FBF0E040089AF60 /* FizzBuzzDetector.m */ = {isa = PBXFileReference; lastKnownFileType = sourcecode.c.objc; path = FizzBuzzDetector.m; sourceTree = "<group>"; };
		BAD7DCA91FBF11060089AF60 /* FizzBuzzPrinter.h */ = {isa = PBXFileReference; lastKnownFileType = sourcecode.c.h; path = FizzBuzzPrinter.h; sourceTree = "<group>"; };
		BAD7DCAA1FBF11060089AF60 /* FizzBuzzPrinter.m */ = {isa = PBXFileReference; lastKnownFileType = sourcecode.c.objc; path = FizzBuzzPrinter.m; sourceTree = "<group>"; };
/* End PBXFileReference section */

/* Begin PBXFrameworksBuildPhase section */
		BA3F428D1FBCAB1200954623 /* Frameworks */ = {
			isa = PBXFrameworksBuildPhase;
			buildActionMask = 2147483647;
			files = (
			);
			runOnlyForDeploymentPostprocessing = 0;
		};
		BA7907011FBC67AF00C3EC63 /* Frameworks */ = {
			isa = PBXFrameworksBuildPhase;
			buildActionMask = 2147483647;
			files = (
				BA3F42991FBCAB3700954623 /* ABCDServiceFoundation.framework in Frameworks */,
				BAD7DCA41FBF0DE40089AF60 /* ReactiveObjC.framework in Frameworks */,
			);
			runOnlyForDeploymentPostprocessing = 0;
		};
		BAD57D461FC1134F00D19DDD /* Frameworks */ = {
			isa = PBXFrameworksBuildPhase;
			buildActionMask = 2147483647;
			files = (
				BAD57D4E1FC1134F00D19DDD /* ABCDServiceFoundation.framework in Frameworks */,
			);
			runOnlyForDeploymentPostprocessing = 0;
		};
/* End PBXFrameworksBuildPhase section */

/* Begin PBXGroup section */
		BA3F42921FBCAB1200954623 /* ABCDServiceFoundation */ = {
			isa = PBXGroup;
			children = (
				BA3F42931FBCAB1200954623 /* ABCDServiceFoundation.h */,
				BA79071D1FBC67D300C3EC63 /* ABCDServiceManager.h */,
				BA79071E1FBC67D300C3EC63 /* ABCDServiceManager.m */,
				BA7907201FBC680D00C3EC63 /* ABCDService.h */,
				BA7907211FBC680D00C3EC63 /* ABCDService.m */,
				BAD7DC9B1FBF08100089AF60 /* ABCDThreadedService.h */,
				BAD7DC9C1FBF08100089AF60 /* ABCDThreadedService.m */,
				BA3F428B1FBCA62400954623 /* ABCDService+Private.h */,
				BAD7DC9F1FBF08C10089AF60 /* ABCDThreadedService+Private.h */,
				BA3F42941FBCAB1200954623 /* Info.plist */,
			);
			path = ABCDServiceFoundation;
			sourceTree = "<group>";
		};
		BA7906FB1FBC67AF00C3EC63 = {
			isa = PBXGroup;
			children = (
				BA3F42921FBCAB1200954623 /* ABCDServiceFoundation */,
				BA7907061FBC67AF00C3EC63 /* new-arch */,
				BAD57D4A1FC1134F00D19DDD /* ABCDServiceFoundationTests */,
				BA7907051FBC67AF00C3EC63 /* Products */,
			);
			sourceTree = "<group>";
		};
		BA7907051FBC67AF00C3EC63 /* Products */ = {
			isa = PBXGroup;
			children = (
				BA7907041FBC67AF00C3EC63 /* new-arch.app */,
				BA3F42911FBCAB1200954623 /* ABCDServiceFoundation.framework */,
				BAD57D491FC1134F00D19DDD /* ABCDServiceFoundationTests.xctest */,
			);
			name = Products;
			sourceTree = "<group>";
		};
		BA7907061FBC67AF00C3EC63 /* new-arch */ = {
			isa = PBXGroup;
			children = (
				BAD7DCA11FBF0D580089AF60 /* Frameworks */,
				BA7907071FBC67AF00C3EC63 /* AppDelegate.h */,
				BA7907081FBC67AF00C3EC63 /* AppDelegate.m */,
				BA79070A1FBC67AF00C3EC63 /* ViewController.h */,
				BA79070B1FBC67AF00C3EC63 /* ViewController.m */,
				BAD7DCA61FBF0E040089AF60 /* FizzBuzzDetector.h */,
				BAD7DCA71FBF0E040089AF60 /* FizzBuzzDetector.m */,
				BAD7DCA91FBF11060089AF60 /* FizzBuzzPrinter.h */,
				BAD7DCAA1FBF11060089AF60 /* FizzBuzzPrinter.m */,
				BA79070D1FBC67AF00C3EC63 /* Main.storyboard */,
				BA7907101FBC67AF00C3EC63 /* Assets.xcassets */,
				BA7907121FBC67AF00C3EC63 /* LaunchScreen.storyboard */,
				BA7907151FBC67AF00C3EC63 /* Info.plist */,
				BA7907161FBC67AF00C3EC63 /* main.m */,
			);
			path = "new-arch";
			sourceTree = "<group>";
		};
		BAD57D4A1FC1134F00D19DDD /* ABCDServiceFoundationTests */ = {
			isa = PBXGroup;
			children = (
				BAD57D4B1FC1134F00D19DDD /* ThreadedServicesTests.m */,
				BAD57D4D1FC1134F00D19DDD /* Info.plist */,
			);
			path = ABCDServiceFoundationTests;
			sourceTree = "<group>";
		};
		BAD7DCA11FBF0D580089AF60 /* Frameworks */ = {
			isa = PBXGroup;
			children = (
				BAD7DCA21FBF0D6B0089AF60 /* ReactiveObjC.framework */,
			);
			name = Frameworks;
			sourceTree = "<group>";
		};
/* End PBXGroup section */

/* Begin PBXHeadersBuildPhase section */
		BA3F428E1FBCAB1200954623 /* Headers */ = {
			isa = PBXHeadersBuildPhase;
			buildActionMask = 2147483647;
			files = (
				BA3F42A31FBCAB6A00954623 /* ABCDServiceManager.h in Headers */,
				BAD7DC9D1FBF08100089AF60 /* ABCDThreadedService.h in Headers */,
				BA3F42951FBCAB1200954623 /* ABCDServiceFoundation.h in Headers */,
				BA3F42A51FBCAB6A00954623 /* ABCDService.h in Headers */,
				BA3F42A71FBCAB6A00954623 /* ABCDService+Private.h in Headers */,
				BAD7DCA01FBF09CF0089AF60 /* ABCDThreadedService+Private.h in Headers */,
			);
			runOnlyForDeploymentPostprocessing = 0;
		};
/* End PBXHeadersBuildPhase section */

/* Begin PBXNativeTarget section */
		BA3F42901FBCAB1200954623 /* ABCDServiceFoundation */ = {
			isa = PBXNativeTarget;
			buildConfigurationList = BA3F42961FBCAB1200954623 /* Build configuration list for PBXNativeTarget "ABCDServiceFoundation" */;
			buildPhases = (
				BA3F428C1FBCAB1200954623 /* Sources */,
				BA3F428D1FBCAB1200954623 /* Frameworks */,
				BA3F428E1FBCAB1200954623 /* Headers */,
				BA3F428F1FBCAB1200954623 /* Resources */,
			);
			buildRules = (
			);
			dependencies = (
			);
			name = ABCDServiceFoundation;
			productName = ABCDService;
			productReference = BA3F42911FBCAB1200954623 /* ABCDServiceFoundation.framework */;
			productType = "com.apple.product-type.framework";
		};
		BA7907031FBC67AF00C3EC63 /* new-arch */ = {
			isa = PBXNativeTarget;
			buildConfigurationList = BA79071A1FBC67AF00C3EC63 /* Build configuration list for PBXNativeTarget "new-arch" */;
			buildPhases = (
				BA7907001FBC67AF00C3EC63 /* Sources */,
				BA7907011FBC67AF00C3EC63 /* Frameworks */,
				BA7907021FBC67AF00C3EC63 /* Resources */,
				BA3F429D1FBCAB3700954623 /* Embed Frameworks */,
			);
			buildRules = (
			);
			dependencies = (
				BA3F429C1FBCAB3700954623 /* PBXTargetDependency */,
			);
			name = "new-arch";
			productName = "new-arch";
			productReference = BA7907041FBC67AF00C3EC63 /* new-arch.app */;
			productType = "com.apple.product-type.application";
		};
		BAD57D481FC1134F00D19DDD /* ABCDServiceFoundationTests */ = {
			isa = PBXNativeTarget;
			buildConfigurationList = BAD57D511FC1134F00D19DDD /* Build configuration list for PBXNativeTarget "ABCDServiceFoundationTests" */;
			buildPhases = (
				BAD57D451FC1134F00D19DDD /* Sources */,
				BAD57D461FC1134F00D19DDD /* Frameworks */,
				BAD57D471FC1134F00D19DDD /* Resources */,
			);
			buildRules = (
			);
			dependencies = (
				BAD57D501FC1134F00D19DDD /* PBXTargetDependency */,
			);
			name = ABCDServiceFoundationTests;
			productName = ABCDServiceFoundationTests;
			productReference = BAD57D491FC1134F00D19DDD /* ABCDServiceFoundationTests.xctest */;
			productType = "com.apple.product-type.bundle.unit-test";
		};
/* End PBXNativeTarget section */

/* Begin PBXProject section */
		BA7906FC1FBC67AF00C3EC63 /* Project object */ = {
			isa = PBXProject;
			attributes = {
				LastUpgradeCheck = 0910;
				ORGANIZATIONNAME = "Shakhzod Ikromov";
				TargetAttributes = {
					BA3F42901FBCAB1200954623 = {
						CreatedOnToolsVersion = 9.1;
						ProvisioningStyle = Automatic;
					};
					BA7907031FBC67AF00C3EC63 = {
						CreatedOnToolsVersion = 9.1;
						ProvisioningStyle = Automatic;
					};
					BAD57D481FC1134F00D19DDD = {
						CreatedOnToolsVersion = 9.1;
						ProvisioningStyle = Automatic;
					};
				};
			};
			buildConfigurationList = BA7906FF1FBC67AF00C3EC63 /* Build configuration list for PBXProject "ABCDServiceFoundation" */;
			compatibilityVersion = "Xcode 8.0";
			developmentRegion = en;
			hasScannedForEncodings = 0;
			knownRegions = (
				en,
				Base,
			);
			mainGroup = BA7906FB1FBC67AF00C3EC63;
			productRefGroup = BA7907051FBC67AF00C3EC63 /* Products */;
			projectDirPath = "";
			projectRoot = "";
			targets = (
				BA3F42901FBCAB1200954623 /* ABCDServiceFoundation */,
				BA7907031FBC67AF00C3EC63 /* new-arch */,
				BAD57D481FC1134F00D19DDD /* ABCDServiceFoundationTests */,
			);
		};
/* End PBXProject section */

/* Begin PBXResourcesBuildPhase section */
		BA3F428F1FBCAB1200954623 /* Resources */ = {
			isa = PBXResourcesBuildPhase;
			buildActionMask = 2147483647;
			files = (
			);
			runOnlyForDeploymentPostprocessing = 0;
		};
		BA7907021FBC67AF00C3EC63 /* Resources */ = {
			isa = PBXResourcesBuildPhase;
			buildActionMask = 2147483647;
			files = (
				BA7907141FBC67AF00C3EC63 /* LaunchScreen.storyboard in Resources */,
				BA7907111FBC67AF00C3EC63 /* Assets.xcassets in Resources */,
				BA79070F1FBC67AF00C3EC63 /* Main.storyboard in Resources */,
			);
			runOnlyForDeploymentPostprocessing = 0;
		};
		BAD57D471FC1134F00D19DDD /* Resources */ = {
			isa = PBXResourcesBuildPhase;
			buildActionMask = 2147483647;
			files = (
			);
			runOnlyForDeploymentPostprocessing = 0;
		};
/* End PBXResourcesBuildPhase section */

/* Begin PBXSourcesBuildPhase section */
		BA3F428C1FBCAB1200954623 /* Sources */ = {
			isa = PBXSourcesBuildPhase;
			buildActionMask = 2147483647;
			files = (
				BA3F42A41FBCAB6A00954623 /* ABCDServiceManager.m in Sources */,
				BA3F42A61FBCAB6A00954623 /* ABCDService.m in Sources */,
				BAD7DC9E1FBF08100089AF60 /* ABCDThreadedService.m in Sources */,
			);
			runOnlyForDeploymentPostprocessing = 0;
		};
		BA7907001FBC67AF00C3EC63 /* Sources */ = {
			isa = PBXSourcesBuildPhase;
			buildActionMask = 2147483647;
			files = (
				BA79070C1FBC67AF00C3EC63 /* ViewController.m in Sources */,
				BAD7DCA81FBF0E050089AF60 /* FizzBuzzDetector.m in Sources */,
				BA7907171FBC67AF00C3EC63 /* main.m in Sources */,
				BAD7DCAB1FBF11060089AF60 /* FizzBuzzPrinter.m in Sources */,
				BA7907091FBC67AF00C3EC63 /* AppDelegate.m in Sources */,
			);
			runOnlyForDeploymentPostprocessing = 0;
		};
		BAD57D451FC1134F00D19DDD /* Sources */ = {
			isa = PBXSourcesBuildPhase;
			buildActionMask = 2147483647;
			files = (
				BAD57D4C1FC1134F00D19DDD /* ThreadedServicesTests.m in Sources */,
			);
			runOnlyForDeploymentPostprocessing = 0;
		};
/* End PBXSourcesBuildPhase section */

/* Begin PBXTargetDependency section */
		BA3F429C1FBCAB3700954623 /* PBXTargetDependency */ = {
			isa = PBXTargetDependency;
			target = BA3F42901FBCAB1200954623 /* ABCDServiceFoundation */;
			targetProxy = BA3F429B1FBCAB3700954623 /* PBXContainerItemProxy */;
		};
		BAD57D501FC1134F00D19DDD /* PBXTargetDependency */ = {
			isa = PBXTargetDependency;
			target = BA3F42901FBCAB1200954623 /* ABCDServiceFoundation */;
			targetProxy = BAD57D4F1FC1134F00D19DDD /* PBXContainerItemProxy */;
		};
/* End PBXTargetDependency section */

/* Begin PBXVariantGroup section */
		BA79070D1FBC67AF00C3EC63 /* Main.storyboard */ = {
			isa = PBXVariantGroup;
			children = (
				BA79070E1FBC67AF00C3EC63 /* Base */,
			);
			name = Main.storyboard;
			sourceTree = "<group>";
		};
		BA7907121FBC67AF00C3EC63 /* LaunchScreen.storyboard */ = {
			isa = PBXVariantGroup;
			children = (
				BA7907131FBC67AF00C3EC63 /* Base */,
			);
			name = LaunchScreen.storyboard;
			sourceTree = "<group>";
		};
/* End PBXVariantGroup section */

/* Begin XCBuildConfiguration section */
		BA3F42971FBCAB1200954623 /* Debug */ = {
			isa = XCBuildConfiguration;
			buildSettings = {
				CODE_SIGN_IDENTITY = "";
				CODE_SIGN_STYLE = Automatic;
				CURRENT_PROJECT_VERSION = 1;
				DEFINES_MODULE = YES;
				DEVELOPMENT_TEAM = "";
				DYLIB_COMPATIBILITY_VERSION = 1;
				DYLIB_CURRENT_VERSION = 1;
				DYLIB_INSTALL_NAME_BASE = "@rpath";
				INFOPLIST_FILE = ABCDServiceFoundation/Info.plist;
				INSTALL_PATH = "$(LOCAL_LIBRARY_DIR)/Frameworks";
				IPHONEOS_DEPLOYMENT_TARGET = 8.0;
				LD_RUNPATH_SEARCH_PATHS = "$(inherited) @executable_path/Frameworks @loader_path/Frameworks";
				PRODUCT_BUNDLE_IDENTIFIER = com.aabbccdouble.ABCDServiceFoundation;
				PRODUCT_NAME = "$(TARGET_NAME:c99extidentifier)";
				SKIP_INSTALL = YES;
				TARGETED_DEVICE_FAMILY = "1,2";
				VERSIONING_SYSTEM = "apple-generic";
				VERSION_INFO_PREFIX = "";
			};
			name = Debug;
		};
		BA3F42981FBCAB1200954623 /* Release */ = {
			isa = XCBuildConfiguration;
			buildSettings = {
				CODE_SIGN_IDENTITY = "";
				CODE_SIGN_STYLE = Automatic;
				CURRENT_PROJECT_VERSION = 1;
				DEFINES_MODULE = YES;
				DEVELOPMENT_TEAM = "";
				DYLIB_COMPATIBILITY_VERSION = 1;
				DYLIB_CURRENT_VERSION = 1;
				DYLIB_INSTALL_NAME_BASE = "@rpath";
				INFOPLIST_FILE = ABCDServiceFoundation/Info.plist;
				INSTALL_PATH = "$(LOCAL_LIBRARY_DIR)/Frameworks";
				IPHONEOS_DEPLOYMENT_TARGET = 8.0;
				LD_RUNPATH_SEARCH_PATHS = "$(inherited) @executable_path/Frameworks @loader_path/Frameworks";
				PRODUCT_BUNDLE_IDENTIFIER = com.aabbccdouble.ABCDServiceFoundation;
				PRODUCT_NAME = "$(TARGET_NAME:c99extidentifier)";
				SKIP_INSTALL = YES;
				TARGETED_DEVICE_FAMILY = "1,2";
				VERSIONING_SYSTEM = "apple-generic";
				VERSION_INFO_PREFIX = "";
			};
			name = Release;
		};
		BA7907181FBC67AF00C3EC63 /* Debug */ = {
			isa = XCBuildConfiguration;
			buildSettings = {
				ALWAYS_SEARCH_USER_PATHS = NO;
				CLANG_ANALYZER_NONNULL = YES;
				CLANG_ANALYZER_NUMBER_OBJECT_CONVERSION = YES_AGGRESSIVE;
				CLANG_CXX_LANGUAGE_STANDARD = "gnu++14";
				CLANG_CXX_LIBRARY = "libc++";
				CLANG_ENABLE_MODULES = YES;
				CLANG_ENABLE_OBJC_ARC = YES;
				CLANG_WARN_BLOCK_CAPTURE_AUTORELEASING = YES;
				CLANG_WARN_BOOL_CONVERSION = YES;
				CLANG_WARN_COMMA = YES;
				CLANG_WARN_CONSTANT_CONVERSION = YES;
				CLANG_WARN_DIRECT_OBJC_ISA_USAGE = YES_ERROR;
				CLANG_WARN_DOCUMENTATION_COMMENTS = YES;
				CLANG_WARN_EMPTY_BODY = YES;
				CLANG_WARN_ENUM_CONVERSION = YES;
				CLANG_WARN_INFINITE_RECURSION = YES;
				CLANG_WARN_INT_CONVERSION = YES;
				CLANG_WARN_NON_LITERAL_NULL_CONVERSION = YES;
				CLANG_WARN_OBJC_LITERAL_CONVERSION = YES;
				CLANG_WARN_OBJC_ROOT_CLASS = YES_ERROR;
				CLANG_WARN_RANGE_LOOP_ANALYSIS = YES;
				CLANG_WARN_STRICT_PROTOTYPES = YES;
				CLANG_WARN_SUSPICIOUS_MOVE = YES;
				CLANG_WARN_UNGUARDED_AVAILABILITY = YES_AGGRESSIVE;
				CLANG_WARN_UNREACHABLE_CODE = YES;
				CLANG_WARN__DUPLICATE_METHOD_MATCH = YES;
				CODE_SIGN_IDENTITY = "iPhone Developer";
				COPY_PHASE_STRIP = NO;
				DEBUG_INFORMATION_FORMAT = dwarf;
				ENABLE_STRICT_OBJC_MSGSEND = YES;
				ENABLE_TESTABILITY = YES;
				GCC_C_LANGUAGE_STANDARD = gnu11;
				GCC_DYNAMIC_NO_PIC = NO;
				GCC_NO_COMMON_BLOCKS = YES;
				GCC_OPTIMIZATION_LEVEL = 0;
				GCC_PREPROCESSOR_DEFINITIONS = (
					"DEBUG=1",
					"$(inherited)",
				);
				GCC_WARN_64_TO_32_BIT_CONVERSION = YES;
				GCC_WARN_ABOUT_RETURN_TYPE = YES_ERROR;
				GCC_WARN_UNDECLARED_SELECTOR = YES;
				GCC_WARN_UNINITIALIZED_AUTOS = YES_AGGRESSIVE;
				GCC_WARN_UNUSED_FUNCTION = YES;
				GCC_WARN_UNUSED_VARIABLE = YES;
				IPHONEOS_DEPLOYMENT_TARGET = 11.1;
				MTL_ENABLE_DEBUG_INFO = YES;
				ONLY_ACTIVE_ARCH = YES;
				SDKROOT = iphoneos;
			};
			name = Debug;
		};
		BA7907191FBC67AF00C3EC63 /* Release */ = {
			isa = XCBuildConfiguration;
			buildSettings = {
				ALWAYS_SEARCH_USER_PATHS = NO;
				CLANG_ANALYZER_NONNULL = YES;
				CLANG_ANALYZER_NUMBER_OBJECT_CONVERSION = YES_AGGRESSIVE;
				CLANG_CXX_LANGUAGE_STANDARD = "gnu++14";
				CLANG_CXX_LIBRARY = "libc++";
				CLANG_ENABLE_MODULES = YES;
				CLANG_ENABLE_OBJC_ARC = YES;
				CLANG_WARN_BLOCK_CAPTURE_AUTORELEASING = YES;
				CLANG_WARN_BOOL_CONVERSION = YES;
				CLANG_WARN_COMMA = YES;
				CLANG_WARN_CONSTANT_CONVERSION = YES;
				CLANG_WARN_DIRECT_OBJC_ISA_USAGE = YES_ERROR;
				CLANG_WARN_DOCUMENTATION_COMMENTS = YES;
				CLANG_WARN_EMPTY_BODY = YES;
				CLANG_WARN_ENUM_CONVERSION = YES;
				CLANG_WARN_INFINITE_RECURSION = YES;
				CLANG_WARN_INT_CONVERSION = YES;
				CLANG_WARN_NON_LITERAL_NULL_CONVERSION = YES;
				CLANG_WARN_OBJC_LITERAL_CONVERSION = YES;
				CLANG_WARN_OBJC_ROOT_CLASS = YES_ERROR;
				CLANG_WARN_RANGE_LOOP_ANALYSIS = YES;
				CLANG_WARN_STRICT_PROTOTYPES = YES;
				CLANG_WARN_SUSPICIOUS_MOVE = YES;
				CLANG_WARN_UNGUARDED_AVAILABILITY = YES_AGGRESSIVE;
				CLANG_WARN_UNREACHABLE_CODE = YES;
				CLANG_WARN__DUPLICATE_METHOD_MATCH = YES;
				CODE_SIGN_IDENTITY = "iPhone Developer";
				COPY_PHASE_STRIP = NO;
				DEBUG_INFORMATION_FORMAT = "dwarf-with-dsym";
				ENABLE_NS_ASSERTIONS = NO;
				ENABLE_STRICT_OBJC_MSGSEND = YES;
				GCC_C_LANGUAGE_STANDARD = gnu11;
				GCC_NO_COMMON_BLOCKS = YES;
				GCC_WARN_64_TO_32_BIT_CONVERSION = YES;
				GCC_WARN_ABOUT_RETURN_TYPE = YES_ERROR;
				GCC_WARN_UNDECLARED_SELECTOR = YES;
				GCC_WARN_UNINITIALIZED_AUTOS = YES_AGGRESSIVE;
				GCC_WARN_UNUSED_FUNCTION = YES;
				GCC_WARN_UNUSED_VARIABLE = YES;
				IPHONEOS_DEPLOYMENT_TARGET = 11.1;
				MTL_ENABLE_DEBUG_INFO = NO;
				SDKROOT = iphoneos;
				VALIDATE_PRODUCT = YES;
			};
			name = Release;
		};
		BA79071B1FBC67AF00C3EC63 /* Debug */ = {
			isa = XCBuildConfiguration;
			buildSettings = {
				ASSETCATALOG_COMPILER_APPICON_NAME = AppIcon;
				CODE_SIGN_STYLE = Automatic;
				DEVELOPMENT_TEAM = TVZPUPLA8S;
				FRAMEWORK_SEARCH_PATHS = (
					"$(inherited)",
					"$(PROJECT_DIR)/Carthage/Build/iOS",
				);
				INFOPLIST_FILE = "new-arch/Info.plist";
				LD_RUNPATH_SEARCH_PATHS = "$(inherited) @executable_path/Frameworks";
				PRODUCT_BUNDLE_IDENTIFIER = "com.aabbccdouble.new-arch";
				PRODUCT_NAME = "$(TARGET_NAME)";
				TARGETED_DEVICE_FAMILY = "1,2";
			};
			name = Debug;
		};
		BA79071C1FBC67AF00C3EC63 /* Release */ = {
			isa = XCBuildConfiguration;
			buildSettings = {
				ASSETCATALOG_COMPILER_APPICON_NAME = AppIcon;
				CODE_SIGN_STYLE = Automatic;
				DEVELOPMENT_TEAM = TVZPUPLA8S;
				FRAMEWORK_SEARCH_PATHS = (
					"$(inherited)",
					"$(PROJECT_DIR)/Carthage/Build/iOS",
				);
				INFOPLIST_FILE = "new-arch/Info.plist";
				LD_RUNPATH_SEARCH_PATHS = "$(inherited) @executable_path/Frameworks";
				PRODUCT_BUNDLE_IDENTIFIER = "com.aabbccdouble.new-arch";
				PRODUCT_NAME = "$(TARGET_NAME)";
				TARGETED_DEVICE_FAMILY = "1,2";
			};
			name = Release;
		};
		BAD57D521FC1134F00D19DDD /* Debug */ = {
			isa = XCBuildConfiguration;
			buildSettings = {
				CODE_SIGN_STYLE = Automatic;
				INFOPLIST_FILE = ABCDServiceFoundationTests/Info.plist;
				LD_RUNPATH_SEARCH_PATHS = "$(inherited) @executable_path/Frameworks @loader_path/Frameworks";
				PRODUCT_BUNDLE_IDENTIFIER = com.aabbccdouble.ABCDServiceFoundationTests;
				PRODUCT_NAME = "$(TARGET_NAME)";
				TARGETED_DEVICE_FAMILY = "1,2";
			};
			name = Debug;
		};
		BAD57D531FC1134F00D19DDD /* Release */ = {
			isa = XCBuildConfiguration;
			buildSettings = {
				CODE_SIGN_STYLE = Automatic;
				INFOPLIST_FILE = ABCDServiceFoundationTests/Info.plist;
				LD_RUNPATH_SEARCH_PATHS = "$(inherited) @executable_path/Frameworks @loader_path/Frameworks";
				PRODUCT_BUNDLE_IDENTIFIER = com.aabbccdouble.ABCDServiceFoundationTests;
				PRODUCT_NAME = "$(TARGET_NAME)";
				TARGETED_DEVICE_FAMILY = "1,2";
			};
			name = Release;
		};
/* End XCBuildConfiguration section */

/* Begin XCConfigurationList section */
		BA3F42961FBCAB1200954623 /* Build configuration list for PBXNativeTarget "ABCDServiceFoundation" */ = {
			isa = XCConfigurationList;
			buildConfigurations = (
				BA3F42971FBCAB1200954623 /* Debug */,
				BA3F42981FBCAB1200954623 /* Release */,
			);
			defaultConfigurationIsVisible = 0;
			defaultConfigurationName = Release;
		};
		BA7906FF1FBC67AF00C3EC63 /* Build configuration list for PBXProject "ABCDServiceFoundation" */ = {
			isa = XCConfigurationList;
			buildConfigurations = (
				BA7907181FBC67AF00C3EC63 /* Debug */,
				BA7907191FBC67AF00C3EC63 /* Release */,
			);
			defaultConfigurationIsVisible = 0;
			defaultConfigurationName = Release;
		};
		BA79071A1FBC67AF00C3EC63 /* Build configuration list for PBXNativeTarget "new-arch" */ = {
			isa = XCConfigurationList;
			buildConfigurations = (
				BA79071B1FBC67AF00C3EC63 /* Debug */,
				BA79071C1FBC67AF00C3EC63 /* Release */,
			);
			defaultConfigurationIsVisible = 0;
			defaultConfigurationName = Release;
		};
		BAD57D511FC1134F00D19DDD /* Build configuration list for PBXNativeTarget "ABCDServiceFoundationTests" */ = {
			isa = XCConfigurationList;
			buildConfigurations = (
				BAD57D521FC1134F00D19DDD /* Debug */,
				BAD57D531FC1134F00D19DDD /* Release */,
			);
			defaultConfigurationIsVisible = 0;
			defaultConfigurationName = Release;
		};
/* End XCConfigurationList section */
	};
	rootObject = BA7906FC1FBC67AF00C3EC63 /* Project object */;
}
